
Microsoft Visual Studio Solution File, Format Version 12.00
# Visual Studio Version 16
VisualStudioVersion = 16.0.30114.105
MinimumVisualStudioVersion = 10.0.40219.1
Project("{FAE04EC0-301F-11D3-BF4B-00C04F79EFBC}") = "TranslatorTools", "TranslatorTools\TranslatorTools.csproj", "{F8FBC828-FD12-4298-BEF0-D1C9F3D48B28}"
EndProject
Project("{FAE04EC0-301F-11D3-BF4B-00C04F79EFBC}") = "ProjectsManagement", "ProjectsManagement\ProjectsManagement.csproj", "{104D0BD8-B820-4C64-9D0A-6EE705FCE656}"
EndProject
Global
	GlobalSection(SolutionConfigurationPlatforms) = preSolution
		Debug|Any CPU = Debug|Any CPU
		Release|Any CPU = Release|Any CPU
	EndGlobalSection
	GlobalSection(ProjectConfigurationPlatforms) = postSolution
		{F8FBC828-FD12-4298-BEF0-D1C9F3D48B28}.Debug|Any CPU.ActiveCfg = Debug|Any CPU
		{F8FBC828-FD12-4298-BEF0-D1C9F3D48B28}.Debug|Any CPU.Build.0 = Debug|Any CPU
		{F8FBC828-FD12-4298-BEF0-D1C9F3D48B28}.Release|Any CPU.ActiveCfg = Release|Any CPU
		{F8FBC828-FD12-4298-BEF0-D1C9F3D48B28}.Release|Any CPU.Build.0 = Release|Any CPU
		{104D0BD8-B820-4C64-9D0A-6EE705FCE656}.Debug|Any CPU.ActiveCfg = Debug|Any CPU
		{104D0BD8-B820-4C64-9D0A-6EE705FCE656}.Debug|Any CPU.Build.0 = Debug|Any CPU
		{104D0BD8-B820-4C64-9D0A-6EE705FCE656}.Release|Any CPU.ActiveCfg = Release|Any CPU
		{104D0BD8-B820-4C64-9D0A-6EE705FCE656}.Release|Any CPU.Build.0 = Release|Any CPU
	EndGlobalSection
	GlobalSection(SolutionProperties) = preSolution
		HideSolutionNode = FALSE
	EndGlobalSection
	GlobalSection(ExtensibilityGlobals) = postSolution
		SolutionGuid = {718B86BC-7F84-470C-9EAD-6128A86C45B0}
	EndGlobalSection
EndGlobal
